
Microsoft Visual Studio Solution File, Format Version 12.00
#
Project("{FAE04EC0-301F-11D3-BF4B-00C04F79EFBC}") = "AspNet.NativeHttpServer", "AspNet.NativeHttpServer\AspNet.NativeHttpServer.csproj", "{322387A5-B91C-43E9-A567-7754DEECAE93}"
EndProject
Project("{FAE04EC0-301F-11D3-BF4B-00C04F79EFBC}") = "AspNet.NativeHttpServer.Tests", "AspNet.NativeHttpServer.Tests\AspNet.NativeHttpServer.Tests.csproj", "{6E66C588-3D0A-4913-9C62-0572FC0C3488}"
EndProject
Project("{FAE04EC0-301F-11D3-BF4B-00C04F79EFBC}") = "AspNet.NativeHttpServerSimple", "AspNet.NativeHttpServerSimple\AspNet.NativeHttpServerSimple.csproj", "{C1FDF394-1269-43E8-8EBF-6677A00B0011}"
EndProject
Project("{FAE04EC0-301F-11D3-BF4B-00C04F79EFBC}") = "AspNet.MinimalApiSimple", "AspNet.MinimalApiSimple\AspNet.MinimalApiSimple.csproj", "{913992C2-CC52-4607-8EC2-E9E62822128D}"
EndProject
Project("{FAE04EC0-301F-11D3-BF4B-00C04F79EFBC}") = "AspNet.MinimalApiWithFront", "AspNet.MinimalApiWithFront\AspNet.MinimalApiWithFront.csproj", "{6CE1DA7E-6157-4BB6-AB14-EB939B4E33F6}"
EndProject
Project("{FAE04EC0-301F-11D3-BF4B-00C04F79EFBC}") = "AspNet.MinimalApi.Movies", "AspNet.MinimalApi.Movies\AspNet.MinimalApi.Movies.csproj", "{82334883-DFD4-4DB7-A4D8-F3845CEF26A8}"
EndProject
Project("{FAE04EC0-301F-11D3-BF4B-00C04F79EFBC}") = "AspNet.MinimalApi.CustomAuth", "AspNet.MinimalApi.CustomAuth\AspNet.MinimalApi.CustomAuth.csproj", "{B75DFE72-A8D2-4D21-841C-365719758B8A}"
EndProject
Project("{FAE04EC0-301F-11D3-BF4B-00C04F79EFBC}") = "AspNet.MinimalApi.SimpleAuth", "AspNet.MinimalApi.SimpleAuth\AspNet.MinimalApi.SimpleAuth.csproj", "{6EDA1BA5-D79A-4B4C-9ABD-8F274FE60868}"
EndProject
Project("{FAE04EC0-301F-11D3-BF4B-00C04F79EFBC}") = "AspNet.MinimalApi.CustomJwtAuth", "AspNet.MinimalApi.CustomJwtAuth\AspNet.MinimalApi.CustomJwtAuth.csproj", "{5F2E24F1-CAC3-4C82-B040-A3D5FA9B7360}"
EndProject
Project("{FAE04EC0-301F-11D3-BF4B-00C04F79EFBC}") = "AspNet.MinimalApi.SimpleJwtAuth", "AspNet.MinimalApi.SimpleJwtAuth\AspNet.MinimalApi.SimpleJwtAuth.csproj", "{6564E29C-DA7B-4322-BDC8-013A4F434308}"
EndProject
Project("{FAE04EC0-301F-11D3-BF4B-00C04F79EFBC}") = "AspNet.MinimalApi.SimpleJwtWithCookiesAuth", "AspNet.MinimalApi.SimpleJwtWithCookiesAuth\AspNet.MinimalApi.SimpleJwtWithCookiesAuth.csproj", "{BDD3EB2D-064C-48BE-A484-5247CD56D261}"
EndProject
Project("{FAE04EC0-301F-11D3-BF4B-00C04F79EFBC}") = "AspNet.MinimalApi.JwtAuth", "AspNet.MinimalApi.JwtAuth\AspNet.MinimalApi.JwtAuth.csproj", "{E479A170-CDC3-4ADB-B162-54C5377A6F6D}"
EndProject
Project("{2150E333-8FDC-42A3-9474-1A3956D46DE8}") = "CookiesAuth", "CookiesAuth", "{A4446A9F-188A-43D8-BE11-BBE1E0A4ADEA}"
EndProject
Project("{2150E333-8FDC-42A3-9474-1A3956D46DE8}") = "JwtTokenAuth", "JwtTokenAuth", "{F55F5A08-9B35-415B-8148-FBD177FC5CE6}"
EndProject
Project("{2150E333-8FDC-42A3-9474-1A3956D46DE8}") = "IdentityAuth", "IdentityAuth", "{023BEE6E-3644-42D4-9D27-6A54ED0C3B40}"
EndProject
Project("{FAE04EC0-301F-11D3-BF4B-00C04F79EFBC}") = "AspNet.MinimalApi.IdentityAuth", "AspNet.MinimalApi.IdentityAuth\AspNet.MinimalApi.IdentityAuth.csproj", "{D9B0148B-590F-45F2-9806-FEAE43C8574B}"
EndProject
Project("{FAE04EC0-301F-11D3-BF4B-00C04F79EFBC}") = "AspNet.MinimalApi.ExtendedJwtAuth", "AspNet.MinimalApi.ExtendedJwtAuth\AspNet.MinimalApi.ExtendedJwtAuth.csproj", "{9883077E-E25E-43B0-B291-55F4560765AD}"
EndProject
Project("{FAE04EC0-301F-11D3-BF4B-00C04F79EFBC}") = "AspNet.MinimalApi.IdentityWithEmailConfirmationAuth", "AspNet.MinimalApi.IdentityWithEmailConfirmationAuth\AspNet.MinimalApi.IdentityWithEmailConfirmationAuth.csproj", "{ADC638FD-69B8-44B1-8FC9-D31E20E7455A}"
EndProject
Project("{FAE04EC0-301F-11D3-BF4B-00C04F79EFBC}") = "AspNet.MinimalApi.Blog", "AspNet.MinimalApi.Blog\AspNet.MinimalApi.Blog.csproj", "{9BC9E677-04E8-4BB7-A811-76A71925AFA5}"
EndProject
Project("{FAE04EC0-301F-11D3-BF4B-00C04F79EFBC}") = "AspNet.MinimalApi.AuthSms", "AspNet.MinimalApi.AuthSms\AspNet.MinimalApi.AuthSms.csproj", "{009474D9-35F2-4011-90D5-5DA8433E7E1A}"
EndProject
Project("{FAE04EC0-301F-11D3-BF4B-00C04F79EFBC}") = "AspNet.MinimalApi.AuthSmsIdentity", "AspNet.MinimalApi.AuthSmsIdentity\AspNet.MinimalApi.AuthSmsIdentity.csproj", "{7A568E6F-DD87-46EA-8462-4408D9CB3DBF}"
EndProject
Project("{FAE04EC0-301F-11D3-BF4B-00C04F79EFBC}") = "AspNet.MinimalApi.Auth2Factors", "AspNet.MinimalApi.Auth2Factors\AspNet.MinimalApi.Auth2Factors.csproj", "{3297447A-3813-4877-8821-10F46E6EEA1C}"
EndProject
Global
	GlobalSection(SolutionConfigurationPlatforms) = preSolution
		Debug|Any CPU = Debug|Any CPU
		Release|Any CPU = Release|Any CPU
	EndGlobalSection
	GlobalSection(ProjectConfigurationPlatforms) = postSolution
		{322387A5-B91C-43E9-A567-7754DEECAE93}.Debug|Any CPU.ActiveCfg = Debug|Any CPU
		{322387A5-B91C-43E9-A567-7754DEECAE93}.Debug|Any CPU.Build.0 = Debug|Any CPU
		{322387A5-B91C-43E9-A567-7754DEECAE93}.Release|Any CPU.ActiveCfg = Release|Any CPU
		{322387A5-B91C-43E9-A567-7754DEECAE93}.Release|Any CPU.Build.0 = Release|Any CPU
		{6E66C588-3D0A-4913-9C62-0572FC0C3488}.Debug|Any CPU.ActiveCfg = Debug|Any CPU
		{6E66C588-3D0A-4913-9C62-0572FC0C3488}.Debug|Any CPU.Build.0 = Debug|Any CPU
		{6E66C588-3D0A-4913-9C62-0572FC0C3488}.Release|Any CPU.ActiveCfg = Release|Any CPU
		{6E66C588-3D0A-4913-9C62-0572FC0C3488}.Release|Any CPU.Build.0 = Release|Any CPU
		{C1FDF394-1269-43E8-8EBF-6677A00B0011}.Debug|Any CPU.ActiveCfg = Debug|Any CPU
		{C1FDF394-1269-43E8-8EBF-6677A00B0011}.Debug|Any CPU.Build.0 = Debug|Any CPU
		{C1FDF394-1269-43E8-8EBF-6677A00B0011}.Release|Any CPU.ActiveCfg = Release|Any CPU
		{C1FDF394-1269-43E8-8EBF-6677A00B0011}.Release|Any CPU.Build.0 = Release|Any CPU
		{913992C2-CC52-4607-8EC2-E9E62822128D}.Debug|Any CPU.ActiveCfg = Debug|Any CPU
		{913992C2-CC52-4607-8EC2-E9E62822128D}.Debug|Any CPU.Build.0 = Debug|Any CPU
		{913992C2-CC52-4607-8EC2-E9E62822128D}.Release|Any CPU.ActiveCfg = Release|Any CPU
		{913992C2-CC52-4607-8EC2-E9E62822128D}.Release|Any CPU.Build.0 = Release|Any CPU
		{6CE1DA7E-6157-4BB6-AB14-EB939B4E33F6}.Debug|Any CPU.ActiveCfg = Debug|Any CPU
		{6CE1DA7E-6157-4BB6-AB14-EB939B4E33F6}.Debug|Any CPU.Build.0 = Debug|Any CPU
		{6CE1DA7E-6157-4BB6-AB14-EB939B4E33F6}.Release|Any CPU.ActiveCfg = Release|Any CPU
		{6CE1DA7E-6157-4BB6-AB14-EB939B4E33F6}.Release|Any CPU.Build.0 = Release|Any CPU
		{82334883-DFD4-4DB7-A4D8-F3845CEF26A8}.Debug|Any CPU.ActiveCfg = Debug|Any CPU
		{82334883-DFD4-4DB7-A4D8-F3845CEF26A8}.Debug|Any CPU.Build.0 = Debug|Any CPU
		{82334883-DFD4-4DB7-A4D8-F3845CEF26A8}.Release|Any CPU.ActiveCfg = Release|Any CPU
		{82334883-DFD4-4DB7-A4D8-F3845CEF26A8}.Release|Any CPU.Build.0 = Release|Any CPU
		{B75DFE72-A8D2-4D21-841C-365719758B8A}.Debug|Any CPU.ActiveCfg = Debug|Any CPU
		{B75DFE72-A8D2-4D21-841C-365719758B8A}.Debug|Any CPU.Build.0 = Debug|Any CPU
		{B75DFE72-A8D2-4D21-841C-365719758B8A}.Release|Any CPU.ActiveCfg = Release|Any CPU
		{B75DFE72-A8D2-4D21-841C-365719758B8A}.Release|Any CPU.Build.0 = Release|Any CPU
		{6EDA1BA5-D79A-4B4C-9ABD-8F274FE60868}.Debug|Any CPU.ActiveCfg = Debug|Any CPU
		{6EDA1BA5-D79A-4B4C-9ABD-8F274FE60868}.Debug|Any CPU.Build.0 = Debug|Any CPU
		{6EDA1BA5-D79A-4B4C-9ABD-8F274FE60868}.Release|Any CPU.ActiveCfg = Release|Any CPU
		{6EDA1BA5-D79A-4B4C-9ABD-8F274FE60868}.Release|Any CPU.Build.0 = Release|Any CPU
		{5F2E24F1-CAC3-4C82-B040-A3D5FA9B7360}.Debug|Any CPU.ActiveCfg = Debug|Any CPU
		{5F2E24F1-CAC3-4C82-B040-A3D5FA9B7360}.Debug|Any CPU.Build.0 = Debug|Any CPU
		{5F2E24F1-CAC3-4C82-B040-A3D5FA9B7360}.Release|Any CPU.ActiveCfg = Release|Any CPU
		{5F2E24F1-CAC3-4C82-B040-A3D5FA9B7360}.Release|Any CPU.Build.0 = Release|Any CPU
		{6564E29C-DA7B-4322-BDC8-013A4F434308}.Debug|Any CPU.ActiveCfg = Debug|Any CPU
		{6564E29C-DA7B-4322-BDC8-013A4F434308}.Debug|Any CPU.Build.0 = Debug|Any CPU
		{6564E29C-DA7B-4322-BDC8-013A4F434308}.Release|Any CPU.ActiveCfg = Release|Any CPU
		{6564E29C-DA7B-4322-BDC8-013A4F434308}.Release|Any CPU.Build.0 = Release|Any CPU
		{BDD3EB2D-064C-48BE-A484-5247CD56D261}.Debug|Any CPU.ActiveCfg = Debug|Any CPU
		{BDD3EB2D-064C-48BE-A484-5247CD56D261}.Debug|Any CPU.Build.0 = Debug|Any CPU
		{BDD3EB2D-064C-48BE-A484-5247CD56D261}.Release|Any CPU.ActiveCfg = Release|Any CPU
		{BDD3EB2D-064C-48BE-A484-5247CD56D261}.Release|Any CPU.Build.0 = Release|Any CPU
		{E479A170-CDC3-4ADB-B162-54C5377A6F6D}.Debug|Any CPU.ActiveCfg = Debug|Any CPU
		{E479A170-CDC3-4ADB-B162-54C5377A6F6D}.Debug|Any CPU.Build.0 = Debug|Any CPU
		{E479A170-CDC3-4ADB-B162-54C5377A6F6D}.Release|Any CPU.ActiveCfg = Release|Any CPU
		{E479A170-CDC3-4ADB-B162-54C5377A6F6D}.Release|Any CPU.Build.0 = Release|Any CPU
		{D9B0148B-590F-45F2-9806-FEAE43C8574B}.Debug|Any CPU.ActiveCfg = Debug|Any CPU
		{D9B0148B-590F-45F2-9806-FEAE43C8574B}.Debug|Any CPU.Build.0 = Debug|Any CPU
		{D9B0148B-590F-45F2-9806-FEAE43C8574B}.Release|Any CPU.ActiveCfg = Release|Any CPU
		{D9B0148B-590F-45F2-9806-FEAE43C8574B}.Release|Any CPU.Build.0 = Release|Any CPU
		{9883077E-E25E-43B0-B291-55F4560765AD}.Debug|Any CPU.ActiveCfg = Debug|Any CPU
		{9883077E-E25E-43B0-B291-55F4560765AD}.Debug|Any CPU.Build.0 = Debug|Any CPU
		{9883077E-E25E-43B0-B291-55F4560765AD}.Release|Any CPU.ActiveCfg = Release|Any CPU
		{9883077E-E25E-43B0-B291-55F4560765AD}.Release|Any CPU.Build.0 = Release|Any CPU
		{ADC638FD-69B8-44B1-8FC9-D31E20E7455A}.Debug|Any CPU.ActiveCfg = Debug|Any CPU
		{ADC638FD-69B8-44B1-8FC9-D31E20E7455A}.Debug|Any CPU.Build.0 = Debug|Any CPU
		{ADC638FD-69B8-44B1-8FC9-D31E20E7455A}.Release|Any CPU.ActiveCfg = Release|Any CPU
		{ADC638FD-69B8-44B1-8FC9-D31E20E7455A}.Release|Any CPU.Build.0 = Release|Any CPU
		{9BC9E677-04E8-4BB7-A811-76A71925AFA5}.Debug|Any CPU.ActiveCfg = Debug|Any CPU
		{9BC9E677-04E8-4BB7-A811-76A71925AFA5}.Debug|Any CPU.Build.0 = Debug|Any CPU
		{9BC9E677-04E8-4BB7-A811-76A71925AFA5}.Release|Any CPU.ActiveCfg = Release|Any CPU
		{9BC9E677-04E8-4BB7-A811-76A71925AFA5}.Release|Any CPU.Build.0 = Release|Any CPU
		{009474D9-35F2-4011-90D5-5DA8433E7E1A}.Debug|Any CPU.ActiveCfg = Debug|Any CPU
		{009474D9-35F2-4011-90D5-5DA8433E7E1A}.Debug|Any CPU.Build.0 = Debug|Any CPU
		{009474D9-35F2-4011-90D5-5DA8433E7E1A}.Release|Any CPU.ActiveCfg = Release|Any CPU
		{009474D9-35F2-4011-90D5-5DA8433E7E1A}.Release|Any CPU.Build.0 = Release|Any CPU
		{7A568E6F-DD87-46EA-8462-4408D9CB3DBF}.Debug|Any CPU.ActiveCfg = Debug|Any CPU
		{7A568E6F-DD87-46EA-8462-4408D9CB3DBF}.Debug|Any CPU.Build.0 = Debug|Any CPU
		{7A568E6F-DD87-46EA-8462-4408D9CB3DBF}.Release|Any CPU.ActiveCfg = Release|Any CPU
		{7A568E6F-DD87-46EA-8462-4408D9CB3DBF}.Release|Any CPU.Build.0 = Release|Any CPU
		{3297447A-3813-4877-8821-10F46E6EEA1C}.Debug|Any CPU.ActiveCfg = Debug|Any CPU
		{3297447A-3813-4877-8821-10F46E6EEA1C}.Debug|Any CPU.Build.0 = Debug|Any CPU
		{3297447A-3813-4877-8821-10F46E6EEA1C}.Release|Any CPU.ActiveCfg = Release|Any CPU
		{3297447A-3813-4877-8821-10F46E6EEA1C}.Release|Any CPU.Build.0 = Release|Any CPU
	EndGlobalSection
	GlobalSection(NestedProjects) = preSolution
		{B75DFE72-A8D2-4D21-841C-365719758B8A} = {A4446A9F-188A-43D8-BE11-BBE1E0A4ADEA}
		{6EDA1BA5-D79A-4B4C-9ABD-8F274FE60868} = {A4446A9F-188A-43D8-BE11-BBE1E0A4ADEA}
		{5F2E24F1-CAC3-4C82-B040-A3D5FA9B7360} = {F55F5A08-9B35-415B-8148-FBD177FC5CE6}
		{E479A170-CDC3-4ADB-B162-54C5377A6F6D} = {F55F5A08-9B35-415B-8148-FBD177FC5CE6}
		{6564E29C-DA7B-4322-BDC8-013A4F434308} = {F55F5A08-9B35-415B-8148-FBD177FC5CE6}
		{BDD3EB2D-064C-48BE-A484-5247CD56D261} = {F55F5A08-9B35-415B-8148-FBD177FC5CE6}
		{D9B0148B-590F-45F2-9806-FEAE43C8574B} = {023BEE6E-3644-42D4-9D27-6A54ED0C3B40}
		{9883077E-E25E-43B0-B291-55F4560765AD} = {023BEE6E-3644-42D4-9D27-6A54ED0C3B40}
		{ADC638FD-69B8-44B1-8FC9-D31E20E7455A} = {023BEE6E-3644-42D4-9D27-6A54ED0C3B40}
	EndGlobalSection
EndGlobal
