
Microsoft Visual Studio Solution File, Format Version 12.00
# 
Project("{FAE04EC0-301F-11D3-BF4B-00C04F79EFBC}") = "AspNet.NativeHttpServer", "AspNet.NativeHttpServer\AspNet.NativeHttpServer.csproj", "{322387A5-B91C-43E9-A567-7754DEECAE93}"
EndProject
Project("{FAE04EC0-301F-11D3-BF4B-00C04F79EFBC}") = "AspNet.NativeHttpServer.Tests", "AspNet.NativeHttpServer.Tests\AspNet.NativeHttpServer.Tests.csproj", "{6E66C588-3D0A-4913-9C62-0572FC0C3488}"
EndProject
Project("{FAE04EC0-301F-11D3-BF4B-00C04F79EFBC}") = "AspNet.NativeHttpServerSimple", "AspNet.NativeHttpServerSimple\AspNet.NativeHttpServerSimple.csproj", "{C1FDF394-1269-43E8-8EBF-6677A00B0011}"
EndProject
Project("{FAE04EC0-301F-11D3-BF4B-00C04F79EFBC}") = "AspNet.MinimalApiSimple", "AspNet.MinimalApiSimple\AspNet.MinimalApiSimple.csproj", "{913992C2-CC52-4607-8EC2-E9E62822128D}"
EndProject
Global
	GlobalSection(SolutionConfigurationPlatforms) = preSolution
		Debug|Any CPU = Debug|Any CPU
		Release|Any CPU = Release|Any CPU
	EndGlobalSection
	GlobalSection(ProjectConfigurationPlatforms) = postSolution
		{322387A5-B91C-43E9-A567-7754DEECAE93}.Debug|Any CPU.ActiveCfg = Debug|Any CPU
		{322387A5-B91C-43E9-A567-7754DEECAE93}.Debug|Any CPU.Build.0 = Debug|Any CPU
		{322387A5-B91C-43E9-A567-7754DEECAE93}.Release|Any CPU.ActiveCfg = Release|Any CPU
		{322387A5-B91C-43E9-A567-7754DEECAE93}.Release|Any CPU.Build.0 = Release|Any CPU
		{6E66C588-3D0A-4913-9C62-0572FC0C3488}.Debug|Any CPU.ActiveCfg = Debug|Any CPU
		{6E66C588-3D0A-4913-9C62-0572FC0C3488}.Debug|Any CPU.Build.0 = Debug|Any CPU
		{6E66C588-3D0A-4913-9C62-0572FC0C3488}.Release|Any CPU.ActiveCfg = Release|Any CPU
		{6E66C588-3D0A-4913-9C62-0572FC0C3488}.Release|Any CPU.Build.0 = Release|Any CPU
		{C1FDF394-1269-43E8-8EBF-6677A00B0011}.Debug|Any CPU.ActiveCfg = Debug|Any CPU
		{C1FDF394-1269-43E8-8EBF-6677A00B0011}.Debug|Any CPU.Build.0 = Debug|Any CPU
		{C1FDF394-1269-43E8-8EBF-6677A00B0011}.Release|Any CPU.ActiveCfg = Release|Any CPU
		{C1FDF394-1269-43E8-8EBF-6677A00B0011}.Release|Any CPU.Build.0 = Release|Any CPU
		{913992C2-CC52-4607-8EC2-E9E62822128D}.Debug|Any CPU.ActiveCfg = Debug|Any CPU
		{913992C2-CC52-4607-8EC2-E9E62822128D}.Debug|Any CPU.Build.0 = Debug|Any CPU
		{913992C2-CC52-4607-8EC2-E9E62822128D}.Release|Any CPU.ActiveCfg = Release|Any CPU
		{913992C2-CC52-4607-8EC2-E9E62822128D}.Release|Any CPU.Build.0 = Release|Any CPU
	EndGlobalSection
EndGlobal
