
Microsoft Visual Studio Solution File, Format Version 12.00
#
Project("{FAE04EC0-301F-11D3-BF4B-00C04F79EFBC}") = "AspNet.NativeHttpServer", "AspNet.NativeHttpServer\AspNet.NativeHttpServer.csproj", "{322387A5-B91C-43E9-A567-7754DEECAE93}"
EndProject
Project("{FAE04EC0-301F-11D3-BF4B-00C04F79EFBC}") = "AspNet.NativeHttpServer.Tests", "AspNet.NativeHttpServer.Tests\AspNet.NativeHttpServer.Tests.csproj", "{6E66C588-3D0A-4913-9C62-0572FC0C3488}"
EndProject
Project("{FAE04EC0-301F-11D3-BF4B-00C04F79EFBC}") = "AspNet.NativeHttpServerSimple", "AspNet.NativeHttpServerSimple\AspNet.NativeHttpServerSimple.csproj", "{C1FDF394-1269-43E8-8EBF-6677A00B0011}"
EndProject
Project("{FAE04EC0-301F-11D3-BF4B-00C04F79EFBC}") = "AspNet.MinimalApiSimple", "AspNet.MinimalApiSimple\AspNet.MinimalApiSimple.csproj", "{913992C2-CC52-4607-8EC2-E9E62822128D}"
EndProject
Project("{FAE04EC0-301F-11D3-BF4B-00C04F79EFBC}") = "AspNet.MinimalApiWithFront", "AspNet.MinimalApiWithFront\AspNet.MinimalApiWithFront.csproj", "{6CE1DA7E-6157-4BB6-AB14-EB939B4E33F6}"
EndProject
Project("{FAE04EC0-301F-11D3-BF4B-00C04F79EFBC}") = "AspNet.MinimalApi.Movies", "AspNet.MinimalApi.Movies\AspNet.MinimalApi.Movies.csproj", "{82334883-DFD4-4DB7-A4D8-F3845CEF26A8}"
EndProject
Project("{FAE04EC0-301F-11D3-BF4B-00C04F79EFBC}") = "AspNet.MinimalApi.CustomAuth", "AspNet.MinimalApi.CustomAuth\AspNet.MinimalApi.CustomAuth.csproj", "{B75DFE72-A8D2-4D21-841C-365719758B8A}"
EndProject
Project("{FAE04EC0-301F-11D3-BF4B-00C04F79EFBC}") = "AspNet.MinimalApi.SimpleAuth", "AspNet.MinimalApi.SimpleAuth\AspNet.MinimalApi.SimpleAuth.csproj", "{6EDA1BA5-D79A-4B4C-9ABD-8F274FE60868}"
EndProject
Project("{FAE04EC0-301F-11D3-BF4B-00C04F79EFBC}") = "AspNet.MinimalApi.CustomJwtAuth", "AspNet.MinimalApi.CustomJwtAuth\AspNet.MinimalApi.CustomJwtAuth.csproj", "{5F2E24F1-CAC3-4C82-B040-A3D5FA9B7360}"
EndProject
Project("{FAE04EC0-301F-11D3-BF4B-00C04F79EFBC}") = "AspNet.MinimalApi.SimpleJwtAuth", "AspNet.MinimalApi.SimpleJwtAuth\AspNet.MinimalApi.SimpleJwtAuth.csproj", "{6564E29C-DA7B-4322-BDC8-013A4F434308}"
EndProject
Project("{FAE04EC0-301F-11D3-BF4B-00C04F79EFBC}") = "AspNet.MinimalApi.SimpleJwtWithCookiesAuth", "AspNet.MinimalApi.SimpleJwtWithCookiesAuth\AspNet.MinimalApi.SimpleJwtWithCookiesAuth.csproj", "{BDD3EB2D-064C-48BE-A484-5247CD56D261}"
EndProject
Project("{FAE04EC0-301F-11D3-BF4B-00C04F79EFBC}") = "AspNet.MinimalApi.JwtAuth", "AspNet.MinimalApi.JwtAuth\AspNet.MinimalApi.JwtAuth.csproj", "{E479A170-CDC3-4ADB-B162-54C5377A6F6D}"
EndProject
Global
	GlobalSection(SolutionConfigurationPlatforms) = preSolution
		Debug|Any CPU = Debug|Any CPU
		Release|Any CPU = Release|Any CPU
	EndGlobalSection
	GlobalSection(ProjectConfigurationPlatforms) = postSolution
		{322387A5-B91C-43E9-A567-7754DEECAE93}.Debug|Any CPU.ActiveCfg = Debug|Any CPU
		{322387A5-B91C-43E9-A567-7754DEECAE93}.Debug|Any CPU.Build.0 = Debug|Any CPU
		{322387A5-B91C-43E9-A567-7754DEECAE93}.Release|Any CPU.ActiveCfg = Release|Any CPU
		{322387A5-B91C-43E9-A567-7754DEECAE93}.Release|Any CPU.Build.0 = Release|Any CPU
		{6E66C588-3D0A-4913-9C62-0572FC0C3488}.Debug|Any CPU.ActiveCfg = Debug|Any CPU
		{6E66C588-3D0A-4913-9C62-0572FC0C3488}.Debug|Any CPU.Build.0 = Debug|Any CPU
		{6E66C588-3D0A-4913-9C62-0572FC0C3488}.Release|Any CPU.ActiveCfg = Release|Any CPU
		{6E66C588-3D0A-4913-9C62-0572FC0C3488}.Release|Any CPU.Build.0 = Release|Any CPU
		{C1FDF394-1269-43E8-8EBF-6677A00B0011}.Debug|Any CPU.ActiveCfg = Debug|Any CPU
		{C1FDF394-1269-43E8-8EBF-6677A00B0011}.Debug|Any CPU.Build.0 = Debug|Any CPU
		{C1FDF394-1269-43E8-8EBF-6677A00B0011}.Release|Any CPU.ActiveCfg = Release|Any CPU
		{C1FDF394-1269-43E8-8EBF-6677A00B0011}.Release|Any CPU.Build.0 = Release|Any CPU
		{913992C2-CC52-4607-8EC2-E9E62822128D}.Debug|Any CPU.ActiveCfg = Debug|Any CPU
		{913992C2-CC52-4607-8EC2-E9E62822128D}.Debug|Any CPU.Build.0 = Debug|Any CPU
		{913992C2-CC52-4607-8EC2-E9E62822128D}.Release|Any CPU.ActiveCfg = Release|Any CPU
		{913992C2-CC52-4607-8EC2-E9E62822128D}.Release|Any CPU.Build.0 = Release|Any CPU
		{6CE1DA7E-6157-4BB6-AB14-EB939B4E33F6}.Debug|Any CPU.ActiveCfg = Debug|Any CPU
		{6CE1DA7E-6157-4BB6-AB14-EB939B4E33F6}.Debug|Any CPU.Build.0 = Debug|Any CPU
		{6CE1DA7E-6157-4BB6-AB14-EB939B4E33F6}.Release|Any CPU.ActiveCfg = Release|Any CPU
		{6CE1DA7E-6157-4BB6-AB14-EB939B4E33F6}.Release|Any CPU.Build.0 = Release|Any CPU
		{82334883-DFD4-4DB7-A4D8-F3845CEF26A8}.Debug|Any CPU.ActiveCfg = Debug|Any CPU
		{82334883-DFD4-4DB7-A4D8-F3845CEF26A8}.Debug|Any CPU.Build.0 = Debug|Any CPU
		{82334883-DFD4-4DB7-A4D8-F3845CEF26A8}.Release|Any CPU.ActiveCfg = Release|Any CPU
		{82334883-DFD4-4DB7-A4D8-F3845CEF26A8}.Release|Any CPU.Build.0 = Release|Any CPU
		{B75DFE72-A8D2-4D21-841C-365719758B8A}.Debug|Any CPU.ActiveCfg = Debug|Any CPU
		{B75DFE72-A8D2-4D21-841C-365719758B8A}.Debug|Any CPU.Build.0 = Debug|Any CPU
		{B75DFE72-A8D2-4D21-841C-365719758B8A}.Release|Any CPU.ActiveCfg = Release|Any CPU
		{B75DFE72-A8D2-4D21-841C-365719758B8A}.Release|Any CPU.Build.0 = Release|Any CPU
		{6EDA1BA5-D79A-4B4C-9ABD-8F274FE60868}.Debug|Any CPU.ActiveCfg = Debug|Any CPU
		{6EDA1BA5-D79A-4B4C-9ABD-8F274FE60868}.Debug|Any CPU.Build.0 = Debug|Any CPU
		{6EDA1BA5-D79A-4B4C-9ABD-8F274FE60868}.Release|Any CPU.ActiveCfg = Release|Any CPU
		{6EDA1BA5-D79A-4B4C-9ABD-8F274FE60868}.Release|Any CPU.Build.0 = Release|Any CPU
		{5F2E24F1-CAC3-4C82-B040-A3D5FA9B7360}.Debug|Any CPU.ActiveCfg = Debug|Any CPU
		{5F2E24F1-CAC3-4C82-B040-A3D5FA9B7360}.Debug|Any CPU.Build.0 = Debug|Any CPU
		{5F2E24F1-CAC3-4C82-B040-A3D5FA9B7360}.Release|Any CPU.ActiveCfg = Release|Any CPU
		{5F2E24F1-CAC3-4C82-B040-A3D5FA9B7360}.Release|Any CPU.Build.0 = Release|Any CPU
		{6564E29C-DA7B-4322-BDC8-013A4F434308}.Debug|Any CPU.ActiveCfg = Debug|Any CPU
		{6564E29C-DA7B-4322-BDC8-013A4F434308}.Debug|Any CPU.Build.0 = Debug|Any CPU
		{6564E29C-DA7B-4322-BDC8-013A4F434308}.Release|Any CPU.ActiveCfg = Release|Any CPU
		{6564E29C-DA7B-4322-BDC8-013A4F434308}.Release|Any CPU.Build.0 = Release|Any CPU
		{BDD3EB2D-064C-48BE-A484-5247CD56D261}.Debug|Any CPU.ActiveCfg = Debug|Any CPU
		{BDD3EB2D-064C-48BE-A484-5247CD56D261}.Debug|Any CPU.Build.0 = Debug|Any CPU
		{BDD3EB2D-064C-48BE-A484-5247CD56D261}.Release|Any CPU.ActiveCfg = Release|Any CPU
		{BDD3EB2D-064C-48BE-A484-5247CD56D261}.Release|Any CPU.Build.0 = Release|Any CPU
		{E479A170-CDC3-4ADB-B162-54C5377A6F6D}.Debug|Any CPU.ActiveCfg = Debug|Any CPU
		{E479A170-CDC3-4ADB-B162-54C5377A6F6D}.Debug|Any CPU.Build.0 = Debug|Any CPU
		{E479A170-CDC3-4ADB-B162-54C5377A6F6D}.Release|Any CPU.ActiveCfg = Release|Any CPU
		{E479A170-CDC3-4ADB-B162-54C5377A6F6D}.Release|Any CPU.Build.0 = Release|Any CPU
	EndGlobalSection
EndGlobal
